
Microsoft Visual Studio Solution File, Format Version 12.00
# Visual Studio Version 17
VisualStudioVersion = 17.11.35327.3
MinimumVisualStudioVersion = 10.0.40219.1
Project("{FAE04EC0-301F-11D3-BF4B-00C04F79EFBC}") = "Task1_List_and_LinkedList", "Task1_List_and_LinkedList\Task1_List_and_LinkedList.csproj", "{27672AC5-CBE8-486D-A1B4-6FE7BE37D6E8}"
EndProject
Project("{FAE04EC0-301F-11D3-BF4B-00C04F79EFBC}") = "Task2_TopWords", "Task2_TopWords\Task2_TopWords.csproj", "{5E4E3D43-29A0-427E-B9A4-2B95347F7EB3}"
EndProject
Global
	GlobalSection(SolutionConfigurationPlatforms) = preSolution
		Debug|Any CPU = Debug|Any CPU
		Release|Any CPU = Release|Any CPU
	EndGlobalSection
	GlobalSection(ProjectConfigurationPlatforms) = postSolution
		{27672AC5-CBE8-486D-A1B4-6FE7BE37D6E8}.Debug|Any CPU.ActiveCfg = Debug|Any CPU
		{27672AC5-CBE8-486D-A1B4-6FE7BE37D6E8}.Debug|Any CPU.Build.0 = Debug|Any CPU
		{27672AC5-CBE8-486D-A1B4-6FE7BE37D6E8}.Release|Any CPU.ActiveCfg = Release|Any CPU
		{27672AC5-CBE8-486D-A1B4-6FE7BE37D6E8}.Release|Any CPU.Build.0 = Release|Any CPU
		{5E4E3D43-29A0-427E-B9A4-2B95347F7EB3}.Debug|Any CPU.ActiveCfg = Debug|Any CPU
		{5E4E3D43-29A0-427E-B9A4-2B95347F7EB3}.Debug|Any CPU.Build.0 = Debug|Any CPU
		{5E4E3D43-29A0-427E-B9A4-2B95347F7EB3}.Release|Any CPU.ActiveCfg = Release|Any CPU
		{5E4E3D43-29A0-427E-B9A4-2B95347F7EB3}.Release|Any CPU.Build.0 = Release|Any CPU
	EndGlobalSection
	GlobalSection(SolutionProperties) = preSolution
		HideSolutionNode = FALSE
	EndGlobalSection
	GlobalSection(ExtensibilityGlobals) = postSolution
		SolutionGuid = {5F2AF1AF-AD26-4C87-AF41-8ED8282C5F41}
	EndGlobalSection
EndGlobal
